
Microsoft Visual Studio Solution File, Format Version 12.00
# Visual Studio Version 17
VisualStudioVersion = 17.4.33122.133
MinimumVisualStudioVersion = 10.0.40219.1
Project("{FAE04EC0-301F-11D3-BF4B-00C04F79EFBC}") = "RazorPageUploadImgTest", "RazorPageUploadImgTest.csproj", "{432E34FB-EB31-40B3-B95A-9EC0B2428523}"
EndProject
Global
	GlobalSection(SolutionConfigurationPlatforms) = preSolution
		Debug|Any CPU = Debug|Any CPU
		Release|Any CPU = Release|Any CPU
	EndGlobalSection
	GlobalSection(ProjectConfigurationPlatforms) = postSolution
		{432E34FB-EB31-40B3-B95A-9EC0B2428523}.Debug|Any CPU.ActiveCfg = Debug|Any CPU
		{432E34FB-EB31-40B3-B95A-9EC0B2428523}.Debug|Any CPU.Build.0 = Debug|Any CPU
		{432E34FB-EB31-40B3-B95A-9EC0B2428523}.Release|Any CPU.ActiveCfg = Release|Any CPU
		{432E34FB-EB31-40B3-B95A-9EC0B2428523}.Release|Any CPU.Build.0 = Release|Any CPU
	EndGlobalSection
	GlobalSection(SolutionProperties) = preSolution
		HideSolutionNode = FALSE
	EndGlobalSection
	GlobalSection(ExtensibilityGlobals) = postSolution
		SolutionGuid = {E597DBD0-1623-429E-8F8A-9FE8798D3A2F}
	EndGlobalSection
EndGlobal
